
{
  "name": "nextn",
  "version": "0.1.0",
  "lockfileVersion": 3,
  "requires": true,
  "packages": {
    "": {
      "name": "nextn",
      "version": "0.1.0",
      "license": "ISC",
      "dependencies": {
        "@hookform/resolvers": "^3.9.0",
        "@radix-ui/react-accordion": "^1.2.3",
        "@radix-ui/react-alert-dialog": "^1.1.6",
        "@radix-ui/react-avatar": "^1.1.3",
        "@radix-ui/react-checkbox": "^1.1.4",
        "@radix-ui/react-collapsible": "^1.1.11",
        "@radix-ui/react-dialog": "^1.1.6",
        "@radix-ui/react-dropdown-menu": "^2.1.6",
        "@radix-ui/react-label": "^2.1.2",
        "@radix-ui/react-menubar": "^1.1.6",
        "@radix-ui/react-popover": "^1.1.6",
        "@radix-ui/react-progress": "^1.1.2",
        "@radix-ui/react-radio-group": "^1.2.3",
        "@radix-ui/react-scroll-area": "^1.2.3",
        "@radix-ui/react-select": "^2.1.6",
        "@radix-ui/react-separator": "^1.1.2",
        "@radix-ui/react-slider": "^1.2.3",
        "@radix-ui/react-slot": "^1.2.3",
        "@radix-ui/react-switch": "^1.1.3",
        "@radix-ui/react-tabs": "^1.1.3",
        "@radix-ui/react-toast": "^1.2.6",
        "@radix-ui/react-tooltip": "^1.1.8",
        "class-variance-authority": "^0.7.1",
        "clsx": "^2.1.1",
        "date-fns": "^3.6.0",
        "firebase": "^11.9.1",
        "firebase-admin": "^12.3.0",
        "lucide-react": "^0.475.0",
        "next": "14.2.5",
        "patch-package": "^8.0.0",
        "qrcode.react": "^3.1.0",
        "react": "^18.3.1",
        "react-day-picker": "^8.10.1",
        "react-dom": "^18.3.1",
        "tailwind-merge": "^3.0.1",
        "tailwindcss-animate": "^1.0.7",
        "wav": "^1.0.2",
        "zod": "^3.24.2",
        "zustand": "^4.5.4"
      },
      "devDependencies": {
        "@types/dom-speech-recognition": "^0.0.7",
        "@types/node": "^20",
        "@types/qrcode.react": "^1.0.5",
        "@types/react": "^18",
        "@types/react-dom": "^18",
        "postcss": "^8",
        "tailwindcss": "^3.4.1",
        "typescript": "^5"
      }
    },
    "node_modules/@hookform/resolvers": {
      "version": "3.9.0",
      "resolved": "https://registry.npmjs.org/@hookform/resolvers/-/resolvers-3.9.0.tgz",
      "integrity": "sha512-Y1yJ1LqXJtZkLpA2bX2zIuXfPBP541u2PZgD3uUfN2Cp2oP4nUa5Jc3yqP1pYpU1G6NPK2jXhIu4GA==",
      "peerDependencies": {
        "react-hook-form": ">=7.52.1"
      }
    },
    "node_modules/@radix-ui/react-accordion": {
      "version": "1.2.3",
      "resolved": "https://registry.npmjs.org/@radix-ui/react-accordion/-/react-accordion-1.2.3.tgz",
      "integrity": "sha512-z8t/F8nKqfLEfVvSjX1eX6lVugV3y607J5mQ7JtO9+K9pQ5bN/yXnZf6b5w64G0+hJqVpT5rWzF/g==",
      "dependencies": {
        "@radix-ui/react-compose-refs": "^1.0.1",
        "@radix-ui/react-context": "^1.0.1",
        "@radix-ui/react-primitive": "^1.0.3",
        "@radix-ui/react-use-controllable-state": "^1.0.1"
      },
      "peerDependencies": {
        "react": "^16.8 || ^17.0 || ^18.0 || ^19.0"
      }
    },
    "node_modules/@radix-ui/react-alert-dialog": {
      "version": "1.1.6",
      "resolved": "https://registry.npmjs.org/@radix-ui/react-alert-dialog/-/react-alert-dialog-1.1.6.tgz",
      "integrity": "sha512-4217FkL7jXF02J5UXYtH9v/1e07b71J3Y3V7vj/T3eY4k6kFpZ22+3xGqL7/d2nL/7yCjD2QW73Eg==",
      "dependencies": {
        "@radix-ui/react-dialog": "1.1.6",
        "@radix-ui/react-primitive": "^1.0.3"
      },
      "peerDependencies": {
        "react": "^16.8 || ^17.0 || ^18.0 || ^19.0"
      }
    },
    "node_modules/@radix-ui/react-avatar": {
      "version": "1.1.3",
      "resolved": "https://registry.npmjs.org/@radix-ui/react-avatar/-/react-avatar-1.1.3.tgz",
      "integrity": "sha512-1PqUUMM6+0d7/h0PZ43K98HnO38T8DqXGZ/qGg3sIu1k0pS9Q1N9v3/z93f8qY4fI+T7tH6aA+j+w==",
      "dependencies": {
        "@radix-ui/react-context": "^1.0.1",
        "@radix-ui/react-primitive": "^1.0.3"
      },
      "peerDependencies": {
        "react": "^16.8 || ^17.0 || ^18.0 || ^19.0"
      }
    },
    "node_modules/@radix-ui/react-checkbox": {
      "version": "1.1.4",
      "resolved": "https://registry.npmjs.org/@radix-ui/react-checkbox/-/react-checkbox-1.1.4.tgz",
      "integrity": "sha512-v9qEaB3xZpXnI9U+pIeKXAqtQu/sV+0Y6oKx30z3eNn3c37S8D1q4fR70f6+5pQ1qWbqU1tNq2P7/g==",
      "dependencies": {
        "@radix-ui/react-compose-refs": "^1.0.1",
        "@radix-ui/react-primitive": "^1.0.3",
        "@radix-ui/react-use-controllable-state": "^1.0.1"
      },
      "peerDependencies": {
        "react": "^16.8 || ^17.0 || ^18.0 || ^19.0"
      }
    },
    "node_modules/@radix-ui/react-collapsible": {
      "version": "1.1.11",
      "resolved": "https://registry.npmjs.org/@radix-ui/react-collapsible/-/react-collapsible-1.1.11.tgz",
      "integrity": "sha512-Q/D+Xv3v933jL/u3n9e/T4P36r3x4Sj965A2s+bNl18/Xl56p97L4W6m4X07pL9qY76W+xR6O8o2Q==",
      "dependencies": {
        "@radix-ui/react-compose-refs": "^1.0.1",
        "@radix-ui/react-context": "^1.0.1",
        "@radix-ui/react-primitive": "^1.0.3",
        "@radix-ui/react-use-controllable-state": "^1.0.1"
      },
      "peerDependencies": {
        "react": "^16.8 || ^17.0 || ^18.0 || ^19.0"
      }
    },
    "node_modules/@radix-ui/react-compose-refs": {
      "version": "1.0.1",
      "resolved": "https://registry.npmjs.org/@radix-ui/react-compose-refs/-/react-compose-refs-1.0.1.tgz",
      "integrity": "sha512-IuJUq47aTH14T+4sw3O2rL9vAflf1NWkPMr5hGvk2tWKQXd/nF2mt3w3sQ3T5saFlgJ9Lq+2c/PC3yRj9xL7yQ==",
      "peerDependencies": {
        "react": "^16.8 || ^17.0 || ^18.0 || ^19.0"
      }
    },
    "node_modules/@radix-ui/react-context": {
      "version": "1.0.1",
      "resolved": "https://registry.npmjs.org/@radix-ui/react-context/-/react-context-1.0.1.tgz",
      "integrity": "sha512-PLPzgLgJ2Jg76FvxdPzXmA97uQ+tOfsokdDWAnoXkbp6y5p/gO1t11btr0tjE+jPVDQ1L2/XJWeoG/XwLwGPsg==",
      "peerDependencies": {
        "react": "^16.8 || ^17.0 || ^18.0 || ^19.0"
      }
    },
    "node_modules/@radix-ui/react-dialog": {
      "version": "1.1.6",
      "resolved": "https://registry.npmjs.org/@radix-ui/react-dialog/-/react-dialog-1.1.6.tgz",
      "integrity": "sha512-YV7Dq/6dY6S2M+4D/mP3JqY2i6h4Cst5UesLqJ0qS1zYpSjP0uW0p0c6J4J54S454n5B4x/I6e3e7Q==",
      "dependencies": {
        "@radix-ui/react-compose-refs": "^1.0.1",
        "@radix-ui/react-context": "^1.0.1",
        "@radix-ui/react-dismissable-layer": "^1.1.6",
        "@radix-ui/react-focus-scope": "^1.1.4",
        "@radix-ui/react-id": "^1.0.1",
        "@radix-ui/react-portal": "^1.1.4",
        "@radix-ui/react-primitive": "^1.0.3",
        "aria-hidden": "^1.2.4",
        "react-remove-scroll": "^2.5.9"
      },
      "peerDependencies": {
        "react": "^16.8 || ^17.0 || ^18.0 || ^19.0"
      }
    },
    "node_modules/@radix-ui/react-dismissable-layer": {
      "version": "1.1.6",
      "resolved": "https://registry.npmjs.org/@radix-ui/react-dismissable-layer/-/react-dismissable-layer-1.1.6.tgz",
      "integrity": "sha512-3XN5i9fIuWwYq8T4u4tFmCqXpG35x/k5iT12x+fE+x4WJkYF2309/2zE854k2M0vG5eT9OqM9fOYA==",
      "dependencies": {
        "@radix-ui/react-compose-refs": "^1.0.1",
        "@radix-ui/react-primitive": "^1.0.3",
        "@radix-ui/react-use-callback-ref": "^1.0.1"
      },
      "peerDependencies": {
        "react": "^16.8 || ^17.0 || ^18.0 || ^19.0"
      }
    },
    "node_modules/@radix-ui/react-dropdown-menu": {
      "version": "2.1.6",
      "resolved": "https://registry.npmjs.org/@radix-ui/react-dropdown-menu/-/react-dropdown-menu-2.1.6.tgz",
      "integrity": "sha512-nI/sL+u7f7r68t3F8y16S3e69jE6f2L4b5/2jI+wXy8f41Oa9L8Jg5zJg/k+p3qC3y+w5C9O6+04Q==",
      "dependencies": {
        "@radix-ui/react-compose-refs": "^1.0.1",
        "@radix-ui/react-context": "^1.0.1",
        "@radix-ui/react-dialog": "1.1.6",
        "@radix-ui/react-dismissable-layer": "^1.1.6",
        "@radix-ui/react-focus-guards": "^1.1.1",
        "@radix-ui/react-focus-scope": "^1.1.4",
        "@radix-ui/react-id": "^1.0.1",
        "@radix-ui/react-popper": "^1.2.6",
        "@radix-ui/react-portal": "^1.1.4",
        "@radix-ui/react-primitive": "^1.0.3",
        "@radix-ui/react-use-controllable-state": "^1.0.1",
        "@radix-ui/react-use-layout-effect": "^1.0.1",
        "aria-hidden": "^1.2.4"
      },
      "peerDependencies": {
        "react": "^16.8 || ^17.0 || ^18.0 || ^19.0"
      }
    },
    "node_modules/@radix-ui/react-focus-guards": {
      "version": "1.1.1",
      "resolved": "https://registry.npmjs.org/@radix-ui/react-focus-guards/-/react-focus-guards-1.1.1.tgz",
      "integrity": "sha512-aV5bWzXFf/H+8vT1fS6W0f+0Gte8gY6I3Ue4qL0f7Wn8z2OITlH82pSrhwE9FzgQYVp+6bEAK8wKzg==",
      "peerDependencies": {
        "react": "^16.8 || ^17.0 || ^18.0 || ^19.0"
      }
    },
    "node_modules/@radix-ui/react-focus-scope": {
      "version": "1.1.4",
      "resolved": "https://registry.npmjs.org/@radix-ui/react-focus-scope/-/react-focus-scope-1.1.4.tgz",
      "integrity": "sha512-YyGk2/M1v9iI+rB2zQZ2U1H0zNqY9oF2Nl9E1B8lQd/k/TNKkYy7/jZf2V53HqbJxe24vN07s09V2A==",
      "dependencies": {
        "@radix-ui/react-compose-refs": "^1.0.1",
        "@radix-ui/react-primitive": "^1.0.3",
        "tabbable": "6.2.0"
      },
      "peerDependencies": {
        "react": "^16.8 || ^17.0 || ^18.0 || ^19.0"
      }
    },
    "node_modules/@radix-ui/react-id": {
      "version": "1.0.1",
      "resolved": "https://registry.npmjs.org/@radix-ui/react-id/-/react-id-1.0.1.tgz",
      "integrity": "sha512-s5sC8wG3+F/d20WBOoGk89euiU4L8/9nFfF155f74Jb2/0XCrYVfUa3v9A1sbo+1I+F0A+m36d2ew==",
      "dependencies": {
        "@radix-ui/react-use-layout-effect": "^1.0.1"
      },
      "peerDependencies": {
        "react": "^16.8 || ^17.0 || ^18.0 || ^19.0"
      }
    },
    "node_modules/@radix-ui/react-label": {
      "version": "2.1.2",
      "resolved": "https://registry.npmjs.org/@radix-ui/react-label/-/react-label-2.1.2.tgz",
      "integrity": "sha512-W6gLTYq/SjRvi+XFj+v0YlV7j3K3t3Wp9w4QyIe8p/D/h9kK5v8F6gYt4Vp0kK/SjR7uP2g/0Wp8w==",
      "dependencies": {
        "@radix-ui/react-compose-refs": "^1.0.1",
        "@radix-ui/react-primitive": "^1.0.3"
      },
      "peerDependencies": {
        "react": "^16.8 || ^17.0 || ^18.0 || ^19.0"
      }
    },
    "node_modules/@radix-ui/react-menubar": {
      "version": "1.1.6",
      "resolved": "https://registry.npmjs.org/@radix-ui/react-menubar/-/react-menubar-1.1.6.tgz",
      "integrity": "sha512-y2T2T/R6c5u1lqCg6X29wKxG69l2s8c5v8S6rNqO2bK/9sW7nK+n3L8A+zB5Fv2b7bC/xY+w+t89g==",
      "dependencies": {
        "@radix-ui/react-compose-refs": "^1.0.1",
        "@radix-ui/react-context": "^1.0.1",
        "@radix-ui/react-dropdown-menu": "2.1.6",
        "@radix-ui/react-primitive": "^1.0.3",
        "@radix-ui/react-use-controllable-state": "^1.0.1",
        "react-remove-scroll": "^2.5.9"
      },
      "peerDependencies": {
        "react": "^16.8 || ^17.0 || ^18.0 || ^19.0"
      }
    },
    "node_modules/@radix-ui/react-popper": {
      "version": "1.2.6",
      "resolved": "https://registry.npmjs.org/@radix-ui/react-popper/-/react-popper-1.2.6.tgz",
      "integrity": "sha512-9c1I8i+40x8vVq+f6K24Q4V5U46VjM5q9xG0zL6Xp+G5LgRjA+B1r2xKkXqg0z4t+rD7t3Vj8tSJQ==",
      "dependencies": {
        "@popperjs/core": "^2.11.8",
        "@radix-ui/react-compose-refs": "^1.0.1",
        "@radix-ui/react-primitive": "^1.0.3",
        "@radix-ui/react-use-layout-effect": "^1.0.1"
      },
      "peerDependencies": {
        "react": "^16.8 || ^17.0 || ^18.0 || ^19.0"
      }
    },
    "node_modules/@radix-ui/react-popover": {
      "version": "1.1.6",
      "resolved": "https://registry.npmjs.org/@radix-ui/react-popover/-/react-popover-1.1.6.tgz",
      "integrity": "sha512-Y43d99s02r2xMvJq4pA37d6EwR/Uf6I81285o33YqV97bXG+w0p7V/K1rU/lC/B2iS/03P7pW6Xyw==",
      "dependencies": {
        "@radix-ui/react-compose-refs": "^1.0.1",
        "@radix-ui/react-context": "^1.0.1",
        "@radix-ui/react-dialog": "1.1.6",
        "@radix-ui/react-primitive": "^1.0.3"
      },
      "peerDependencies": {
        "react": "^16.8 || ^17.0 || ^18.0 || ^19.0"
      }
    },
    "node_modules/@radix-ui/react-portal": {
      "version": "1.1.4",
      "resolved": "https://registry.npmjs.org/@radix-ui/react-portal/-/react-portal-1.1.4.tgz",
      "integrity": "sha512-/t1mX741R2J+gE6L2Fq7GfA6F1cO4jJb6N1gKxt6jMRA7E6k9eG19B3Uf99n45j90Q5J8uG97gM85g==",
      "dependencies": {
        "@radix-ui/react-primitive": "^1.0.3",
        "@radix-ui/react-use-layout-effect": "^1.0.1"
      },
      "peerDependencies": {
        "react": "^16.8 || ^17.0 || ^18.0 || ^19.0",
        "react-dom": "^16.8 || ^17.0 || ^18.0 || ^19.0"
      }
    },
    "node_modules/@radix-ui/react-progress": {
      "version": "1.1.2",
      "resolved": "https://registry.npmjs.org/@radix-ui/react-progress/-/react-progress-1.1.2.tgz",
      "integrity": "sha512-Bq3w8xV3hS5Qy+mS/nU6bVb2D/k7Q9L4uHjUq9kYq2S1d07qM0l2/iR/0y6mQv1i0k3eB+c7Rz2+g==",
      "dependencies": {
        "@radix-ui/react-context": "^1.0.1",
        "@radix-ui/react-primitive": "^1.0.3"
      },
      "peerDependencies": {
        "react": "^16.8 || ^17.0 || ^18.0 || ^19.0"
      }
    },
    "node_modules/@radix-ui/react-primitive": {
      "version": "1.0.3",
      "resolved": "https://registry.npmjs.org/@radix-ui/react-primitive/-/react-primitive-1.0.3.tgz",
      "integrity": "sha512-O3WlPl1A+4Yp5c9Ne07s0s9qMfkx2ZSPg/5dGj3I+t3bXf3Zgza+soH8x0x1B2AwezKG40Y+YJb2fI8T/w8XCA==",
      "dependencies": {
        "@radix-ui/react-compose-refs": "^1.0.1",
        "@radix-ui/react-slot": "^1.0.2"
      },
      "peerDependencies": {
        "react": "^16.8 || ^17.0 || ^18.0 || ^19.0"
      }
    },
    "node_modules/@radix-ui/react-primitive/node_modules/@radix-ui/react-slot": {
      "version": "1.0.2",
      "resolved": "https://registry.npmjs.org/@radix-ui/react-slot/-/react-slot-1.0.2.tgz",
      "integrity": "sha512-OAK3wM6h2aL7KStp+pCGh4D0NBvj4e22g6Z5Lg2tTBPB8x0v3p8z5LqG93Pz6fGv3HhNl2d31+3f73r3dC1uQ==",
      "dependencies": {
        "@radix-ui/react-compose-refs": "^1.0.1"
      },
      "peerDependencies": {
        "react": "^16.8 || ^17.0 || ^18.0 || ^19.0"
      }
    },
    "node_modules/@radix-ui/react-radio-group": {
      "version": "1.2.3",
      "resolved": "https://registry.npmjs.org/@radix-ui/react-radio-group/-/react-radio-group-1.2.3.tgz",
      "integrity": "sha512-Y/l0n7s22U9Qn9p11D6HkXhL72i1o8G18W7P3w31fTf/VILoV4+8y2b2lT88o2NIm+z6K64vjF7ag==",
      "dependencies": {
        "@radix-ui/react-compose-refs": "^1.0.1",
        "@radix-ui/react-context": "^1.0.1",
        "@radix-ui/react-label": "^2.1.2",
        "@radix-ui/react-primitive": "^1.0.3",
        "@radix-ui/react-use-controllable-state": "^1.0.1"
      },
      "peerDependencies": {
        "react": "^16.8 || ^17.0 || ^18.0 || ^19.0"
      }
    },
    "node_modules/@radix-ui/react-scroll-area": {
      "version": "1.2.3",
      "resolved": "https://registry.npmjs.org/@radix-ui/react-scroll-area/-/react-scroll-area-1.2.3.tgz",
      "integrity": "sha512-i+HqM2r7kU65L5J4Qo7P01Q/cTqS31W4O2y4s384bY8rA5F8n+gV5l3V7f39d+VnB2eE5vY53/KzQ==",
      "dependencies": {
        "@radix-ui/react-compose-refs": "^1.0.1",
        "@radix-ui/react-context": "^1.0.1",
        "@radix-ui/react-primitive": "^1.0.3"
      },
      "peerDependencies": {
        "react": "^16.8 || ^17.0 || ^18.0 || ^19.0"
      }
    },
    "node_modules/@radix-ui/react-select": {
      "version": "2.1.6",
      "resolved": "https://registry.npmjs.org/@radix-ui/react-select/-/react-select-2.1.6.tgz",
      "integrity": "sha512-G+lH43t9hUqFvY+DqK/gWJ8m6u1nC/4nK54H9n9o+06/hJjYcM5W8/1tL3X8FvS/b3gY6aI5U/9vQ==",
      "dependencies": {
        "@radix-ui/react-compose-refs": "^1.0.1",
        "@radix-ui/react-context": "^1.0.1",
        "@radix-ui/react-dismissable-layer": "^1.1.6",
        "@radix-ui/react-focus-scope": "^1.1.4",
        "@radix-ui/react-id": "^1.0.1",
        "@radix-ui/react-popper": "^1.2.6",
        "@radix-ui/react-portal": "^1.1.4",
        "@radix-ui/react-primitive": "^1.0.3",
        "@radix-ui/react-use-controllable-state": "^1.0.1"
      },
      "peerDependencies": {
        "react": "^16.8 || ^17.0 || ^18.0 || ^19.0"
      }
    },
    "node_modules/@radix-ui/react-separator": {
      "version": "1.1.2",
      "resolved": "https://registry.npmjs.org/@radix-ui/react-separator/-/react-separator-1.1.2.tgz",
      "integrity": "sha512-8pD5T1W+P10+W6l53UuQn0/q9S0QstjCldYl5R5d9vOqI+V+v9S8y/zBf3l4D+6T/HpvW/rYg7Qy8A==",
      "dependencies": {
        "@radix-ui/react-primitive": "^1.0.3"
      },
      "peerDependencies": {
        "react": "^16.8 || ^17.0 || ^18.0 || ^19.0"
      }
    },
    "node_modules/@radix-ui/react-slider": {
      "version": "1.2.3",
      "resolved": "https://registry.npmjs.org/@radix-ui/react-slider/-/react-slider-1.2.3.tgz",
      "integrity": "sha512-B6xW+gQWd96Y7Jg3k5K/z3fO44+y0WwzW63wQYJ/J72vP0G0Kz8v+L5n7Fk5UuXm5e+u3a7n4fBfA==",
      "dependencies": {
        "@radix-ui/react-compose-refs": "^1.0.1",
        "@radix-ui/react-primitive": "^1.0.3",
        "@radix-ui/react-use-controllable-state": "^1.0.1",
        "@radix-ui/react-use-size": "^1.0.1",
        "@radix-ui/react-use-previous": "^1.0.1"
      },
      "peerDependencies": {
        "react": "^16.8 || ^17.0 || ^18.0 || ^19.0"
      }
    },
    "node_modules/@radix-ui/react-slot": {
      "version": "1.2.3",
      "resolved": "https://registry.npmjs.org/@radix-ui/react-slot/-/react-slot-1.2.3.tgz",
      "integrity": "sha512-eH1kL2TQLk26jP4gQyT9c0yA3qA90Ym2sLMRjRGHsFAeXW0dJgQG+dG0S9tKOGC6J8P2s7G/jA4sE9Jt2YfDA==",
      "dependencies": {
        "@radix-ui/react-compose-refs": "^1.0.1"
      },
      "peerDependencies": {
        "react": "^16.8 || ^17.0 || ^18.0 || ^19.0"
      }
    },
    "node_modules/@radix-ui/react-switch": {
      "version": "1.1.3",
      "resolved": "https://registry.npmjs.org/@radix-ui/react-switch/-/react-switch-1.1.3.tgz",
      "integrity": "sha512-m378cQ02mP28y6B1/WJpL0g6U1y5i6Q/KjC0bM4n21/tGs/oWj6U33M/mXh2fT+E8i6uH2rYVjGnw==",
      "dependencies": {
        "@radix-ui/react-compose-refs": "^1.0.1",
        "@radix-ui/react-primitive": "^1.0.3",
        "@radix-ui/react-use-controllable-state": "^1.0.1"
      },
      "peerDependencies": {
        "react": "^16.8 || ^17.0 || ^18.0 || ^19.0"
      }
    },
    "node_modules/@radix-ui/react-tabs": {
      "version": "1.1.3",
      "resolved": "https://registry.npmjs.org/@radix-ui/react-tabs/-/react-tabs-1.1.3.tgz",
      "integrity": "sha512-c28uIlyQO3u7gPzJk0kC82s9Fz/2D4cQ4Qk+5yP0zI1y+5v5GZ+D4R8Y/l35KqRkE55X8uK+sI64eQ==",
      "dependencies": {
        "@radix-ui/react-compose-refs": "^1.0.1",
        "@radix-ui/react-context": "^1.0.1",
        "@radix-ui/react-primitive": "^1.0.3",
        "@radix-ui/react-use-controllable-state": "^1.0.1"
      },
      "peerDependencies": {
        "react": "^16.8 || ^17.0 || ^18.0 || ^19.0"
      }
    },
    "node_modules/@radix-ui/react-toast": {
      "version": "1.2.6",
      "resolved": "https://registry.npmjs.org/@radix-ui/react-toast/-/react-toast-1.2.6.tgz",
      "integrity": "sha512-3S4+zE6B56d4E1p0P3w/b9z3Hft23D8Q3N+lW8fRz8CfrU9fP+lUvYmQJ8bUaR03B3qjQ9+b8M8O/g==",
      "dependencies": {
        "@radix-ui/react-compose-refs": "^1.0.1",
        "@radix-ui/react-context": "^1.0.1",
        "@radix-ui/react-dismissable-layer": "^1.1.6",
        "@radix-ui/react-primitive": "^1.0.3",
        "@radix-ui/react-use-controllable-state": "^1.0.1",
        "@radix-ui/react-use-layout-effect": "^1.0.1",
        "aria-hidden": "^1.2.4"
      },
      "peerDependencies": {
        "react": "^16.8 || ^17.0 || ^18.0 || ^19.0"
      }
    },
    "node_modules/@radix-ui/react-tooltip": {
      "version": "1.1.8",
      "resolved": "https://registry.npmjs.org/@radix-ui/react-tooltip/-/react-tooltip-1.1.8.tgz",
      "integrity": "sha512-J3fL2dD3S369nKz7z32A3i4439cK1q8+8hP1T2R938B4j8022T6m6z1QzV5qfLpPz/P8aD5eJ+O6A==",
      "dependencies": {
        "@radix-ui/react-compose-refs": "^1.0.1",
        "@radix-ui/react-context": "^1.0.1",
        "@radix-ui/react-dismissable-layer": "^1.1.6",
        "@radix-ui/react-popper": "^1.2.6",
        "@radix-ui/react-portal": "^1.1.4",
        "@radix-ui/react-primitive": "^1.0.3",
        "@radix-ui/react-use-controllable-state": "^1.0.1",
        "@radix-ui/react-use-layout-effect": "^1.0.1",
        "@radix-ui/react-visually-hidden": "^1.1.2"
      },
      "peerDependencies": {
        "react": "^16.8 || ^17.0 || ^18.0 || ^19.0"
      }
    },
    "node_modules/@radix-ui/react-use-callback-ref": {
      "version": "1.0.1",
      "resolved": "https://registry.npmjs.org/@radix-ui/react-use-callback-ref/-/react-use-callback-ref-1.0.1.tgz",
      "integrity": "sha512-qG3+s3834Y3o0vG7BBDsV4tPaAFmJ21/53tBdeBvD/gP75Yp9fLvA6QOOH3tXf5RStmHzv8gYV6sY4Xqp594BA==",
      "peerDependencies": {
        "react": "^16.8 || ^17.0 || ^18.0 || ^19.0"
      }
    },
    "node_modules/@radix-ui/react-use-controllable-state": {
      "version": "1.0.1",
      "resolved": "https://registry.npmjs.org/@radix-ui/react-use-controllable-state/-/react-use-controllable-state-1.0.1.tgz",
      "integrity": "sha512-y2T3gKe+aZBlfK8yv78xJL83I429j5442oXv7iN3nKO/w4T+OAYVwIB3q7hEw8dSU6YxT7j8dCjC3kS0WojgJQ==",
      "dependencies": {
        "@radix-ui/react-use-callback-ref": "^1.0.1"
      },
      "peerDependencies": {
        "react": "^16.8 || ^17.0 || ^18.0 || ^19.0"
      }
    },
    "node_modules/@radix-ui/react-use-layout-effect": {
      "version": "1.0.1",
      "resolved": "https://registry.npmjs.org/@radix-ui/react-use-layout-effect/-/react-use-layout-effect-1.0.1.tgz",
      "integrity": "sha512-E5w/eQ9g0s3+n2e0gC3yq5A8o85t6OWp0lVN53RjIeSj1hAxfwkyy1oP3zE2P4A9K8xXo1Zk3l2rS3Sg+2eFdg==",
      "peerDependencies": {
        "react": "^16.8 || ^17.0 || ^18.0 || ^19.0"
      }
    },
    "node_modules/@radix-ui/react-use-previous": {
      "version": "1.0.1",
      "resolved": "https://registry.npmjs.org/@radix-ui/react-use-previous/-/react-use-previous-1.0.1.tgz",
      "integrity": "sha512-Y3z931WpAEKxT5vD0iP+A+E0vj9jNqLgD8c4i3IWFq4aGjS1tFf9M/W3nCjM7g2+z0aUa57m9oXo9lB3A==",
      "peerDependencies": {
        "react": "^16.8 || ^17.0 || ^18.0 || ^19.0"
      }
    },
    "node_modules/@radix-ui/react-use-size": {
      "version": "1.0.1",
      "resolved": "https://registry.npmjs.org/@radix-ui/react-use-size/-/react-use-size-1.0.1.tgz",
      "integrity": "sha512-NGU/5YBP75r0BwxbB5M/Gf/fap2JgG4o0LBFyD3qFfE/J4M8Hk71m94b8n/0v5kF0V1yO242mD4Y+kM/eUq2g==",
      "dependencies": {
        "@radix-ui/react-use-layout-effect": "^1.0.1"
      },
      "peerDependencies": {
        "react": "^16.8 || ^17.0 || ^18.0 || ^19.0"
      }
    },
    "node_modules/@radix-ui/react-visually-hidden": {
      "version": "1.1.2",
      "resolved": "https://registry.npmjs.org/@radix-ui/react-visually-hidden/-/react-visually-hidden-1.1.2.tgz",
      "integrity": "sha512-5v/I4pDk/H0iE0r66tYt2pW/5Y2eKz6b/L+oQ3jCT2o0r9vI0eO08/qLgT+x53U+u7sN6qI7lA/FcA==",
      "dependencies": {
        "@radix-ui/react-primitive": "^1.0.3"
      },
      "peerDependencies": {
        "react": "^16.8 || ^17.0 || ^18.0 || ^19.0"
      }
    },
    "node_modules/@types/node": {
      "version": "20.14.9",
      "resolved": "https://registry.npmjs.org/@types/node/-/node-20.14.9.tgz",
      "integrity": "sha512-067vVp/KNvG3TMGNE/bVb3Qw9+53WJg5U/3AZrqPop2R7+n28S0+56kH2/vejdIf/22sLgVO2gV99k3Zu9z0wQ==",
      "dev": true,
      "dependencies": {
        "undici-types": "~5.26.4"
      }
    },
    "node_modules/@types/prop-types": {
      "version": "15.7.12",
      "resolved": "https://registry.npmjs.org/@types/prop-types/-/prop-types-15.7.12.tgz",
      "integrity": "sha512-5zvhF/0FN2BEd/2PbPODs2An8P/6ZUr5q+9IMHdE4v15Q2afT2S5TFUqY1OxuhTTOB3lqeb2KCa2weB4+i8v2w==",
      "dev": true
    },
    "node_modules/@types/qrcode.react": {
      "version": "1.0.5",
      "resolved": "https://registry.npmjs.org/@types/qrcode.react/-/qrcode.react-1.0.5.tgz",
      "integrity": "sha512-S0o8+2+z+k9/o24r9kG/X+kLd8I9J62lH1H8sM8YgA01iA28f3W4b2eB5/gI0hW363R+j6b4g27rQ==",
      "dev": true,
      "dependencies": {
        "@types/react": "*"
      }
    },
    "node_modules/@types/react": {
      "version": "18.3.3",
      "resolved": "https://registry.npmjs.org/@types/react/-/react-18.3.3.tgz",
      "integrity": "sha512-FAMs3/d4t5L0mBvO9T22NNYUFc0l7/B4g8nI4Q4o3j2MPdS1i/LpTfG2U0l/e3wXMmR30A8t2tBrYmBfMv/GA==",
      "dev": true,
      "dependencies": {
        "@types/prop-types": "*",
        "csstype": "^3.0.2"
      }
    },
    "node_modules/@types/react-dom": {
      "version": "18.3.0",
      "resolved": "https://registry.npmjs.org/@types/react-dom/-/react-dom-18.3.0.tgz",
      "integrity": "sha512-hp6L0L2rOn9X28302zCS828NB3c1aL2s3CHhdo3xVO9I6G3hB0y5k0a2c9bOBXyG0nXvubG/OKi92RT/A98Auw==",
      "dev": true,
      "dependencies": {
        "@types/react": "*"
      }
    }
  }
}
